
Microsoft Visual Studio Solution File, Format Version 12.00
# Visual Studio Version 17
VisualStudioVersion = 17.5.002.0
MinimumVisualStudioVersion = 10.0.40219.1
Project("{9A19103F-16F7-4668-BE54-9A1E7A4F7556}") = "2023pz-trrepo", "2023pz-trrepo.csproj", "{C7CF24EC-E635-4E9F-A08D-12B486835617}"
EndProject
Global
	GlobalSection(SolutionConfigurationPlatforms) = preSolution
		Debug|Any CPU = Debug|Any CPU
		Release|Any CPU = Release|Any CPU
	EndGlobalSection
	GlobalSection(ProjectConfigurationPlatforms) = postSolution
		{C7CF24EC-E635-4E9F-A08D-12B486835617}.Debug|Any CPU.ActiveCfg = Debug|Any CPU
		{C7CF24EC-E635-4E9F-A08D-12B486835617}.Debug|Any CPU.Build.0 = Debug|Any CPU
		{C7CF24EC-E635-4E9F-A08D-12B486835617}.Release|Any CPU.ActiveCfg = Release|Any CPU
		{C7CF24EC-E635-4E9F-A08D-12B486835617}.Release|Any CPU.Build.0 = Release|Any CPU
	EndGlobalSection
	GlobalSection(SolutionProperties) = preSolution
		HideSolutionNode = FALSE
	EndGlobalSection
	GlobalSection(ExtensibilityGlobals) = postSolution
		SolutionGuid = {75FF2C63-1C28-45EA-8635-7F36B39B62FC}
	EndGlobalSection
EndGlobal
